
Microsoft Visual Studio Solution File, Format Version 12.00
# Visual Studio 14
VisualStudioVersion = 14.0.25420.1
MinimumVisualStudioVersion = 10.0.40219.1
Project("{F2A71F9B-5D33-465A-A702-920D77279786}") = "ClassAnalyzer", "ClassAnalyzer\ClassAnalyzer.fsproj", "{F1FC0D07-3E0F-4C10-8003-A154F666417F}"
EndProject
Global
	GlobalSection(SolutionConfigurationPlatforms) = preSolution
		Debug|Any CPU = Debug|Any CPU
		Release|Any CPU = Release|Any CPU
	EndGlobalSection
	GlobalSection(ProjectConfigurationPlatforms) = postSolution
		{F1FC0D07-3E0F-4C10-8003-A154F666417F}.Debug|Any CPU.ActiveCfg = Debug|Any CPU
		{F1FC0D07-3E0F-4C10-8003-A154F666417F}.Debug|Any CPU.Build.0 = Debug|Any CPU
		{F1FC0D07-3E0F-4C10-8003-A154F666417F}.Release|Any CPU.ActiveCfg = Release|Any CPU
		{F1FC0D07-3E0F-4C10-8003-A154F666417F}.Release|Any CPU.Build.0 = Release|Any CPU
	EndGlobalSection
	GlobalSection(SolutionProperties) = preSolution
		HideSolutionNode = FALSE
	EndGlobalSection
EndGlobal
